
Microsoft Visual Studio Solution File, Format Version 12.00
# Visual Studio Version 17
VisualStudioVersion = 17.3.32825.248
MinimumVisualStudioVersion = 10.0.40219.1
Project("{FAE04EC0-301F-11D3-BF4B-00C04F79EFBC}") = "third_attempt_with_MaterialSkin", "third_attempt_with_MaterialSkin.csproj", "{6DFA83BD-93DA-4220-BD5F-7D81AA3A0568}"
EndProject
Global
	GlobalSection(SolutionConfigurationPlatforms) = preSolution
		Debug|Any CPU = Debug|Any CPU
		Release|Any CPU = Release|Any CPU
	EndGlobalSection
	GlobalSection(ProjectConfigurationPlatforms) = postSolution
		{6DFA83BD-93DA-4220-BD5F-7D81AA3A0568}.Debug|Any CPU.ActiveCfg = Debug|Any CPU
		{6DFA83BD-93DA-4220-BD5F-7D81AA3A0568}.Debug|Any CPU.Build.0 = Debug|Any CPU
		{6DFA83BD-93DA-4220-BD5F-7D81AA3A0568}.Release|Any CPU.ActiveCfg = Release|Any CPU
		{6DFA83BD-93DA-4220-BD5F-7D81AA3A0568}.Release|Any CPU.Build.0 = Release|Any CPU
	EndGlobalSection
	GlobalSection(SolutionProperties) = preSolution
		HideSolutionNode = FALSE
	EndGlobalSection
	GlobalSection(ExtensibilityGlobals) = postSolution
		SolutionGuid = {E36EC0B0-FF17-424F-B3CB-7D2E5203AAA5}
	EndGlobalSection
EndGlobal
